// !$*UTF8*$!
{
	archiveVersion = 1;
	classes = {
	};
	objectVersion = 56;
	objects = {

/* Begin PBXBuildFile section */
		7EF040A52A97EC3C00FB26CA /* Cats_UIKit_In_SwiftUIApp.swift in Sources */ = {isa = PBXBuildFile; fileRef = 7EF040A42A97EC3C00FB26CA /* Cats_UIKit_In_SwiftUIApp.swift */; };
		7EF040A72A97EC3C00FB26CA /* ContentView.swift in Sources */ = {isa = PBXBuildFile; fileRef = 7EF040A62A97EC3C00FB26CA /* ContentView.swift */; };
		7EF040A92A97EC3D00FB26CA /* Assets.xcassets in Resources */ = {isa = PBXBuildFile; fileRef = 7EF040A82A97EC3D00FB26CA /* Assets.xcassets */; };
		7EF040AC2A97EC3D00FB26CA /* Preview Assets.xcassets in Resources */ = {isa = PBXBuildFile; fileRef = 7EF040AB2A97EC3D00FB26CA /* Preview Assets.xcassets */; };
		7EF040B42A97EEE100FB26CA /* ContentViewControllerRepresentable.swift in Sources */ = {isa = PBXBuildFile; fileRef = 7EF040B32A97EEE100FB26CA /* ContentViewControllerRepresentable.swift */; };
		7EF040B72A97F0A100FB26CA /* MainContent.storyboard in Resources */ = {isa = PBXBuildFile; fileRef = 7EF040B62A97F0A100FB26CA /* MainContent.storyboard */; };
		7EF040B92A97FF3500FB26CA /* MainContentViewController.swift in Sources */ = {isa = PBXBuildFile; fileRef = 7EF040B82A97FF3500FB26CA /* MainContentViewController.swift */; };
		7EF040BC2A9813EB00FB26CA /* CatsModel.swift in Sources */ = {isa = PBXBuildFile; fileRef = 7EF040BB2A9813EB00FB26CA /* CatsModel.swift */; };
		7EF040BE2A98140900FB26CA /* NetworkService.swift in Sources */ = {isa = PBXBuildFile; fileRef = 7EF040BD2A98140900FB26CA /* NetworkService.swift */; };
		7EF040C12A9822AC00FB26CA /* ViewModel.swift in Sources */ = {isa = PBXBuildFile; fileRef = 7EF040C02A9822AC00FB26CA /* ViewModel.swift */; };
		7EF041022A983E6A00FB26CA /* CatTableViewCellController.swift in Sources */ = {isa = PBXBuildFile; fileRef = 7EF041012A983E6900FB26CA /* CatTableViewCellController.swift */; };
		7EF041042A9849A300FB26CA /* AsyncUIImageView.swift in Sources */ = {isa = PBXBuildFile; fileRef = 7EF041032A9849A300FB26CA /* AsyncUIImageView.swift */; };
/* End PBXBuildFile section */

/* Begin PBXFileReference section */
		7EF040A12A97EC3C00FB26CA /* Cats_UIKit_In_SwiftUI.app */ = {isa = PBXFileReference; explicitFileType = wrapper.application; includeInIndex = 0; path = Cats_UIKit_In_SwiftUI.app; sourceTree = BUILT_PRODUCTS_DIR; };
		7EF040A42A97EC3C00FB26CA /* Cats_UIKit_In_SwiftUIApp.swift */ = {isa = PBXFileReference; lastKnownFileType = sourcecode.swift; path = Cats_UIKit_In_SwiftUIApp.swift; sourceTree = "<group>"; };
		7EF040A62A97EC3C00FB26CA /* ContentView.swift */ = {isa = PBXFileReference; lastKnownFileType = sourcecode.swift; path = ContentView.swift; sourceTree = "<group>"; };
		7EF040A82A97EC3D00FB26CA /* Assets.xcassets */ = {isa = PBXFileReference; lastKnownFileType = folder.assetcatalog; path = Assets.xcassets; sourceTree = "<group>"; };
		7EF040AB2A97EC3D00FB26CA /* Preview Assets.xcassets */ = {isa = PBXFileReference; lastKnownFileType = folder.assetcatalog; path = "Preview Assets.xcassets"; sourceTree = "<group>"; };
		7EF040B32A97EEE100FB26CA /* ContentViewControllerRepresentable.swift */ = {isa = PBXFileReference; lastKnownFileType = sourcecode.swift; path = ContentViewControllerRepresentable.swift; sourceTree = "<group>"; };
		7EF040B62A97F0A100FB26CA /* MainContent.storyboard */ = {isa = PBXFileReference; lastKnownFileType = file.storyboard; path = MainContent.storyboard; sourceTree = "<group>"; };
		7EF040B82A97FF3500FB26CA /* MainContentViewController.swift */ = {isa = PBXFileReference; lastKnownFileType = sourcecode.swift; path = MainContentViewController.swift; sourceTree = "<group>"; };
		7EF040BB2A9813EB00FB26CA /* CatsModel.swift */ = {isa = PBXFileReference; lastKnownFileType = sourcecode.swift; path = CatsModel.swift; sourceTree = "<group>"; };
		7EF040BD2A98140900FB26CA /* NetworkService.swift */ = {isa = PBXFileReference; lastKnownFileType = sourcecode.swift; path = NetworkService.swift; sourceTree = "<group>"; };
		7EF040C02A9822AC00FB26CA /* ViewModel.swift */ = {isa = PBXFileReference; lastKnownFileType = sourcecode.swift; path = ViewModel.swift; sourceTree = "<group>"; };
		7EF041012A983E6900FB26CA /* CatTableViewCellController.swift */ = {isa = PBXFileReference; lastKnownFileType = sourcecode.swift; path = CatTableViewCellController.swift; sourceTree = "<group>"; };
		7EF041032A9849A300FB26CA /* AsyncUIImageView.swift */ = {isa = PBXFileReference; lastKnownFileType = sourcecode.swift; path = AsyncUIImageView.swift; sourceTree = "<group>"; };
/* End PBXFileReference section */

/* Begin PBXFrameworksBuildPhase section */
		7EF0409E2A97EC3C00FB26CA /* Frameworks */ = {
			isa = PBXFrameworksBuildPhase;
			buildActionMask = 2147483647;
			files = (
			);
			runOnlyForDeploymentPostprocessing = 0;
		};
/* End PBXFrameworksBuildPhase section */

/* Begin PBXGroup section */
		7EF040982A97EC3C00FB26CA = {
			isa = PBXGroup;
			children = (
				7EF040A32A97EC3C00FB26CA /* Cats_UIKit_In_SwiftUI */,
				7EF040A22A97EC3C00FB26CA /* Products */,
			);
			sourceTree = "<group>";
		};
		7EF040A22A97EC3C00FB26CA /* Products */ = {
			isa = PBXGroup;
			children = (
				7EF040A12A97EC3C00FB26CA /* Cats_UIKit_In_SwiftUI.app */,
			);
			name = Products;
			sourceTree = "<group>";
		};
		7EF040A32A97EC3C00FB26CA /* Cats_UIKit_In_SwiftUI */ = {
			isa = PBXGroup;
			children = (
				7EF040BF2A98151700FB26CA /* Model */,
				7EF040BA2A98139C00FB26CA /* Network */,
				7EF041052A9849EC00FB26CA /* ViewModel */,
				7EF040A62A97EC3C00FB26CA /* ContentView.swift */,
				7EF040B22A97EECA00FB26CA /* UIKit */,
				7EF040A82A97EC3D00FB26CA /* Assets.xcassets */,
				7EF040AA2A97EC3D00FB26CA /* Preview Content */,
				7EF040A42A97EC3C00FB26CA /* Cats_UIKit_In_SwiftUIApp.swift */,
			);
			path = Cats_UIKit_In_SwiftUI;
			sourceTree = "<group>";
		};
		7EF040AA2A97EC3D00FB26CA /* Preview Content */ = {
			isa = PBXGroup;
			children = (
				7EF040AB2A97EC3D00FB26CA /* Preview Assets.xcassets */,
			);
			path = "Preview Content";
			sourceTree = "<group>";
		};
		7EF040B22A97EECA00FB26CA /* UIKit */ = {
			isa = PBXGroup;
			children = (
				7EF040B62A97F0A100FB26CA /* MainContent.storyboard */,
				7EF040B82A97FF3500FB26CA /* MainContentViewController.swift */,
				7EF041012A983E6900FB26CA /* CatTableViewCellController.swift */,
				7EF040B32A97EEE100FB26CA /* ContentViewControllerRepresentable.swift */,
				7EF041032A9849A300FB26CA /* AsyncUIImageView.swift */,
			);
			path = UIKit;
			sourceTree = "<group>";
		};
		7EF040BA2A98139C00FB26CA /* Network */ = {
			isa = PBXGroup;
			children = (
				7EF040BD2A98140900FB26CA /* NetworkService.swift */,
			);
			path = Network;
			sourceTree = "<group>";
		};
		7EF040BF2A98151700FB26CA /* Model */ = {
			isa = PBXGroup;
			children = (
				7EF040BB2A9813EB00FB26CA /* CatsModel.swift */,
			);
			path = Model;
			sourceTree = "<group>";
		};
		7EF041052A9849EC00FB26CA /* ViewModel */ = {
			isa = PBXGroup;
			children = (
				7EF040C02A9822AC00FB26CA /* ViewModel.swift */,
			);
			path = ViewModel;
			sourceTree = "<group>";
		};
/* End PBXGroup section */

/* Begin PBXNativeTarget section */
		7EF040A02A97EC3C00FB26CA /* Cats_UIKit_In_SwiftUI */ = {
			isa = PBXNativeTarget;
			buildConfigurationList = 7EF040AF2A97EC3D00FB26CA /* Build configuration list for PBXNativeTarget "Cats_UIKit_In_SwiftUI" */;
			buildPhases = (
				7EF0409D2A97EC3C00FB26CA /* Sources */,
				7EF0409E2A97EC3C00FB26CA /* Frameworks */,
				7EF0409F2A97EC3C00FB26CA /* Resources */,
			);
			buildRules = (
			);
			dependencies = (
			);
			name = Cats_UIKit_In_SwiftUI;
			productName = Cats_UIKit_In_SwiftUI;
			productReference = 7EF040A12A97EC3C00FB26CA /* Cats_UIKit_In_SwiftUI.app */;
			productType = "com.apple.product-type.application";
		};
/* End PBXNativeTarget section */

/* Begin PBXProject section */
		7EF040992A97EC3C00FB26CA /* Project object */ = {
			isa = PBXProject;
			attributes = {
				BuildIndependentTargetsInParallel = 1;
				LastSwiftUpdateCheck = 1430;
				LastUpgradeCheck = 1430;
				TargetAttributes = {
					7EF040A02A97EC3C00FB26CA = {
						CreatedOnToolsVersion = 14.3.1;
					};
				};
			};
			buildConfigurationList = 7EF0409C2A97EC3C00FB26CA /* Build configuration list for PBXProject "Cats_UIKit_In_SwiftUI" */;
			compatibilityVersion = "Xcode 14.0";
			developmentRegion = en;
			hasScannedForEncodings = 0;
			knownRegions = (
				en,
				Base,
			);
			mainGroup = 7EF040982A97EC3C00FB26CA;
			productRefGroup = 7EF040A22A97EC3C00FB26CA /* Products */;
			projectDirPath = "";
			projectRoot = "";
			targets = (
				7EF040A02A97EC3C00FB26CA /* Cats_UIKit_In_SwiftUI */,
			);
		};
/* End PBXProject section */

/* Begin PBXResourcesBuildPhase section */
		7EF0409F2A97EC3C00FB26CA /* Resources */ = {
			isa = PBXResourcesBuildPhase;
			buildActionMask = 2147483647;
			files = (
				7EF040AC2A97EC3D00FB26CA /* Preview Assets.xcassets in Resources */,
				7EF040B72A97F0A100FB26CA /* MainContent.storyboard in Resources */,
				7EF040A92A97EC3D00FB26CA /* Assets.xcassets in Resources */,
			);
			runOnlyForDeploymentPostprocessing = 0;
		};
/* End PBXResourcesBuildPhase section */

/* Begin PBXSourcesBuildPhase section */
		7EF0409D2A97EC3C00FB26CA /* Sources */ = {
			isa = PBXSourcesBuildPhase;
			buildActionMask = 2147483647;
			files = (
				7EF040A72A97EC3C00FB26CA /* ContentView.swift in Sources */,
				7EF040B92A97FF3500FB26CA /* MainContentViewController.swift in Sources */,
				7EF040BC2A9813EB00FB26CA /* CatsModel.swift in Sources */,
				7EF040B42A97EEE100FB26CA /* ContentViewControllerRepresentable.swift in Sources */,
				7EF040BE2A98140900FB26CA /* NetworkService.swift in Sources */,
				7EF041042A9849A300FB26CA /* AsyncUIImageView.swift in Sources */,
				7EF041022A983E6A00FB26CA /* CatTableViewCellController.swift in Sources */,
				7EF040A52A97EC3C00FB26CA /* Cats_UIKit_In_SwiftUIApp.swift in Sources */,
				7EF040C12A9822AC00FB26CA /* ViewModel.swift in Sources */,
			);
			runOnlyForDeploymentPostprocessing = 0;
		};
/* End PBXSourcesBuildPhase section */

/* Begin XCBuildConfiguration section */
		7EF040AD2A97EC3D00FB26CA /* Debug */ = {
			isa = XCBuildConfiguration;
			buildSettings = {
				ALWAYS_SEARCH_USER_PATHS = NO;
				CLANG_ANALYZER_NONNULL = YES;
				CLANG_ANALYZER_NUMBER_OBJECT_CONVERSION = YES_AGGRESSIVE;
				CLANG_CXX_LANGUAGE_STANDARD = "gnu++20";
				CLANG_ENABLE_MODULES = YES;
				CLANG_ENABLE_OBJC_ARC = YES;
				CLANG_ENABLE_OBJC_WEAK = YES;
				CLANG_WARN_BLOCK_CAPTURE_AUTORELEASING = YES;
				CLANG_WARN_BOOL_CONVERSION = YES;
				CLANG_WARN_COMMA = YES;
				CLANG_WARN_CONSTANT_CONVERSION = YES;
				CLANG_WARN_DEPRECATED_OBJC_IMPLEMENTATIONS = YES;
				CLANG_WARN_DIRECT_OBJC_ISA_USAGE = YES_ERROR;
				CLANG_WARN_DOCUMENTATION_COMMENTS = YES;
				CLANG_WARN_EMPTY_BODY = YES;
				CLANG_WARN_ENUM_CONVERSION = YES;
				CLANG_WARN_INFINITE_RECURSION = YES;
				CLANG_WARN_INT_CONVERSION = YES;
				CLANG_WARN_NON_LITERAL_NULL_CONVERSION = YES;
				CLANG_WARN_OBJC_IMPLICIT_RETAIN_SELF = YES;
				CLANG_WARN_OBJC_LITERAL_CONVERSION = YES;
				CLANG_WARN_OBJC_ROOT_CLASS = YES_ERROR;
				CLANG_WARN_QUOTED_INCLUDE_IN_FRAMEWORK_HEADER = YES;
				CLANG_WARN_RANGE_LOOP_ANALYSIS = YES;
				CLANG_WARN_STRICT_PROTOTYPES = YES;
				CLANG_WARN_SUSPICIOUS_MOVE = YES;
				CLANG_WARN_UNGUARDED_AVAILABILITY = YES_AGGRESSIVE;
				CLANG_WARN_UNREACHABLE_CODE = YES;
				CLANG_WARN__DUPLICATE_METHOD_MATCH = YES;
				COPY_PHASE_STRIP = NO;
				DEBUG_INFORMATION_FORMAT = dwarf;
				ENABLE_STRICT_OBJC_MSGSEND = YES;
				ENABLE_TESTABILITY = YES;
				GCC_C_LANGUAGE_STANDARD = gnu11;
				GCC_DYNAMIC_NO_PIC = NO;
				GCC_NO_COMMON_BLOCKS = YES;
				GCC_OPTIMIZATION_LEVEL = 0;
				GCC_PREPROCESSOR_DEFINITIONS = (
					"DEBUG=1",
					"$(inherited)",
				);
				GCC_WARN_64_TO_32_BIT_CONVERSION = YES;
				GCC_WARN_ABOUT_RETURN_TYPE = YES_ERROR;
				GCC_WARN_UNDECLARED_SELECTOR = YES;
				GCC_WARN_UNINITIALIZED_AUTOS = YES_AGGRESSIVE;
				GCC_WARN_UNUSED_FUNCTION = YES;
				GCC_WARN_UNUSED_VARIABLE = YES;
				IPHONEOS_DEPLOYMENT_TARGET = 16.4;
				MTL_ENABLE_DEBUG_INFO = INCLUDE_SOURCE;
				MTL_FAST_MATH = YES;
				ONLY_ACTIVE_ARCH = YES;
				SDKROOT = iphoneos;
				SWIFT_ACTIVE_COMPILATION_CONDITIONS = DEBUG;
				SWIFT_OPTIMIZATION_LEVEL = "-Onone";
			};
			name = Debug;
		};
		7EF040AE2A97EC3D00FB26CA /* Release */ = {
			isa = XCBuildConfiguration;
			buildSettings = {
				ALWAYS_SEARCH_USER_PATHS = NO;
				CLANG_ANALYZER_NONNULL = YES;
				CLANG_ANALYZER_NUMBER_OBJECT_CONVERSION = YES_AGGRESSIVE;
				CLANG_CXX_LANGUAGE_STANDARD = "gnu++20";
				CLANG_ENABLE_MODULES = YES;
				CLANG_ENABLE_OBJC_ARC = YES;
				CLANG_ENABLE_OBJC_WEAK = YES;
				CLANG_WARN_BLOCK_CAPTURE_AUTORELEASING = YES;
				CLANG_WARN_BOOL_CONVERSION = YES;
				CLANG_WARN_COMMA = YES;
				CLANG_WARN_CONSTANT_CONVERSION = YES;
				CLANG_WARN_DEPRECATED_OBJC_IMPLEMENTATIONS = YES;
				CLANG_WARN_DIRECT_OBJC_ISA_USAGE = YES_ERROR;
				CLANG_WARN_DOCUMENTATION_COMMENTS = YES;
				CLANG_WARN_EMPTY_BODY = YES;
				CLANG_WARN_ENUM_CONVERSION = YES;
				CLANG_WARN_INFINITE_RECURSION = YES;
				CLANG_WARN_INT_CONVERSION = YES;
				CLANG_WARN_NON_LITERAL_NULL_CONVERSION = YES;
				CLANG_WARN_OBJC_IMPLICIT_RETAIN_SELF = YES;
				CLANG_WARN_OBJC_LITERAL_CONVERSION = YES;
				CLANG_WARN_OBJC_ROOT_CLASS = YES_ERROR;
				CLANG_WARN_QUOTED_INCLUDE_IN_FRAMEWORK_HEADER = YES;
				CLANG_WARN_RANGE_LOOP_ANALYSIS = YES;
				CLANG_WARN_STRICT_PROTOTYPES = YES;
				CLANG_WARN_SUSPICIOUS_MOVE = YES;
				CLANG_WARN_UNGUARDED_AVAILABILITY = YES_AGGRESSIVE;
				CLANG_WARN_UNREACHABLE_CODE = YES;
				CLANG_WARN__DUPLICATE_METHOD_MATCH = YES;
				COPY_PHASE_STRIP = NO;
				DEBUG_INFORMATION_FORMAT = "dwarf-with-dsym";
				ENABLE_NS_ASSERTIONS = NO;
				ENABLE_STRICT_OBJC_MSGSEND = YES;
				GCC_C_LANGUAGE_STANDARD = gnu11;
				GCC_NO_COMMON_BLOCKS = YES;
				GCC_WARN_64_TO_32_BIT_CONVERSION = YES;
				GCC_WARN_ABOUT_RETURN_TYPE = YES_ERROR;
				GCC_WARN_UNDECLARED_SELECTOR = YES;
				GCC_WARN_UNINITIALIZED_AUTOS = YES_AGGRESSIVE;
				GCC_WARN_UNUSED_FUNCTION = YES;
				GCC_WARN_UNUSED_VARIABLE = YES;
				IPHONEOS_DEPLOYMENT_TARGET = 16.4;
				MTL_ENABLE_DEBUG_INFO = NO;
				MTL_FAST_MATH = YES;
				SDKROOT = iphoneos;
				SWIFT_COMPILATION_MODE = wholemodule;
				SWIFT_OPTIMIZATION_LEVEL = "-O";
				VALIDATE_PRODUCT = YES;
			};
			name = Release;
		};
		7EF040B02A97EC3D00FB26CA /* Debug */ = {
			isa = XCBuildConfiguration;
			buildSettings = {
				ASSETCATALOG_COMPILER_APPICON_NAME = AppIcon;
				ASSETCATALOG_COMPILER_GLOBAL_ACCENT_COLOR_NAME = AccentColor;
				CODE_SIGN_STYLE = Automatic;
				CURRENT_PROJECT_VERSION = 1;
				DEVELOPMENT_ASSET_PATHS = "\"Cats_UIKit_In_SwiftUI/Preview Content\"";
				DEVELOPMENT_TEAM = A6297323L3;
				ENABLE_PREVIEWS = YES;
				GENERATE_INFOPLIST_FILE = YES;
				INFOPLIST_KEY_UIApplicationSceneManifest_Generation = YES;
				INFOPLIST_KEY_UIApplicationSupportsIndirectInputEvents = YES;
				INFOPLIST_KEY_UILaunchScreen_Generation = YES;
				INFOPLIST_KEY_UISupportedInterfaceOrientations_iPad = "UIInterfaceOrientationPortrait UIInterfaceOrientationPortraitUpsideDown UIInterfaceOrientationLandscapeLeft UIInterfaceOrientationLandscapeRight";
				INFOPLIST_KEY_UISupportedInterfaceOrientations_iPhone = "UIInterfaceOrientationPortrait UIInterfaceOrientationLandscapeLeft UIInterfaceOrientationLandscapeRight";
				LD_RUNPATH_SEARCH_PATHS = (
					"$(inherited)",
					"@executable_path/Frameworks",
				);
				MARKETING_VERSION = 1.0;
				PRODUCT_BUNDLE_IDENTIFIER = "com.ckrdev.Cats-UIKit-In-SwiftUI";
				PRODUCT_NAME = "$(TARGET_NAME)";
				SWIFT_EMIT_LOC_STRINGS = YES;
				SWIFT_VERSION = 5.0;
				TARGETED_DEVICE_FAMILY = "1,2";
			};
			name = Debug;
		};
		7EF040B12A97EC3D00FB26CA /* Release */ = {
			isa = XCBuildConfiguration;
			buildSettings = {
				ASSETCATALOG_COMPILER_APPICON_NAME = AppIcon;
				ASSETCATALOG_COMPILER_GLOBAL_ACCENT_COLOR_NAME = AccentColor;
				CODE_SIGN_STYLE = Automatic;
				CURRENT_PROJECT_VERSION = 1;
				DEVELOPMENT_ASSET_PATHS = "\"Cats_UIKit_In_SwiftUI/Preview Content\"";
				DEVELOPMENT_TEAM = A6297323L3;
				ENABLE_PREVIEWS = YES;
				GENERATE_INFOPLIST_FILE = YES;
				INFOPLIST_KEY_UIApplicationSceneManifest_Generation = YES;
				INFOPLIST_KEY_UIApplicationSupportsIndirectInputEvents = YES;
				INFOPLIST_KEY_UILaunchScreen_Generation = YES;
				INFOPLIST_KEY_UISupportedInterfaceOrientations_iPad = "UIInterfaceOrientationPortrait UIInterfaceOrientationPortraitUpsideDown UIInterfaceOrientationLandscapeLeft UIInterfaceOrientationLandscapeRight";
				INFOPLIST_KEY_UISupportedInterfaceOrientations_iPhone = "UIInterfaceOrientationPortrait UIInterfaceOrientationLandscapeLeft UIInterfaceOrientationLandscapeRight";
				LD_RUNPATH_SEARCH_PATHS = (
					"$(inherited)",
					"@executable_path/Frameworks",
				);
				MARKETING_VERSION = 1.0;
				PRODUCT_BUNDLE_IDENTIFIER = "com.ckrdev.Cats-UIKit-In-SwiftUI";
				PRODUCT_NAME = "$(TARGET_NAME)";
				SWIFT_EMIT_LOC_STRINGS = YES;
				SWIFT_VERSION = 5.0;
				TARGETED_DEVICE_FAMILY = "1,2";
			};
			name = Release;
		};
/* End XCBuildConfiguration section */

/* Begin XCConfigurationList section */
		7EF0409C2A97EC3C00FB26CA /* Build configuration list for PBXProject "Cats_UIKit_In_SwiftUI" */ = {
			isa = XCConfigurationList;
			buildConfigurations = (
				7EF040AD2A97EC3D00FB26CA /* Debug */,
				7EF040AE2A97EC3D00FB26CA /* Release */,
			);
			defaultConfigurationIsVisible = 0;
			defaultConfigurationName = Release;
		};
		7EF040AF2A97EC3D00FB26CA /* Build configuration list for PBXNativeTarget "Cats_UIKit_In_SwiftUI" */ = {
			isa = XCConfigurationList;
			buildConfigurations = (
				7EF040B02A97EC3D00FB26CA /* Debug */,
				7EF040B12A97EC3D00FB26CA /* Release */,
			);
			defaultConfigurationIsVisible = 0;
			defaultConfigurationName = Release;
		};
/* End XCConfigurationList section */
	};
	rootObject = 7EF040992A97EC3C00FB26CA /* Project object */;
}
