// !$*UTF8*$!
{
	archiveVersion = 1;
	classes = {
	};
	objectVersion = 56;
	objects = {

/* Begin PBXBuildFile section */
		7EF0407C2A97CDFE00FB26CA /* AppDelegate.swift in Sources */ = {isa = PBXBuildFile; fileRef = 7EF0407B2A97CDFE00FB26CA /* AppDelegate.swift */; };
		7EF0407E2A97CDFE00FB26CA /* SceneDelegate.swift in Sources */ = {isa = PBXBuildFile; fileRef = 7EF0407D2A97CDFE00FB26CA /* SceneDelegate.swift */; };
		7EF040802A97CDFE00FB26CA /* ViewController.swift in Sources */ = {isa = PBXBuildFile; fileRef = 7EF0407F2A97CDFE00FB26CA /* ViewController.swift */; };
		7EF040832A97CDFE00FB26CA /* Main.storyboard in Resources */ = {isa = PBXBuildFile; fileRef = 7EF040812A97CDFE00FB26CA /* Main.storyboard */; };
		7EF040852A97CDFF00FB26CA /* Assets.xcassets in Resources */ = {isa = PBXBuildFile; fileRef = 7EF040842A97CDFF00FB26CA /* Assets.xcassets */; };
		7EF040882A97CDFF00FB26CA /* LaunchScreen.storyboard in Resources */ = {isa = PBXBuildFile; fileRef = 7EF040862A97CDFF00FB26CA /* LaunchScreen.storyboard */; };
		7EF040912A97D6F300FB26CA /* ContentView.swift in Sources */ = {isa = PBXBuildFile; fileRef = 7EF040902A97D6F300FB26CA /* ContentView.swift */; };
		7EF040932A97EB9900FB26CA /* NetworkService.swift in Sources */ = {isa = PBXBuildFile; fileRef = 7EF040922A97EB9900FB26CA /* NetworkService.swift */; };
		7EF040952A97EBB600FB26CA /* ContentViewModel.swift in Sources */ = {isa = PBXBuildFile; fileRef = 7EF040942A97EBB600FB26CA /* ContentViewModel.swift */; };
		7EF040972A97EBC400FB26CA /* CatsModel.swift in Sources */ = {isa = PBXBuildFile; fileRef = 7EF040962A97EBC400FB26CA /* CatsModel.swift */; };
/* End PBXBuildFile section */

/* Begin PBXFileReference section */
		7EF040782A97CDFE00FB26CA /* Cats_SwiftUI_In_UIKit.app */ = {isa = PBXFileReference; explicitFileType = wrapper.application; includeInIndex = 0; path = Cats_SwiftUI_In_UIKit.app; sourceTree = BUILT_PRODUCTS_DIR; };
		7EF0407B2A97CDFE00FB26CA /* AppDelegate.swift */ = {isa = PBXFileReference; lastKnownFileType = sourcecode.swift; path = AppDelegate.swift; sourceTree = "<group>"; };
		7EF0407D2A97CDFE00FB26CA /* SceneDelegate.swift */ = {isa = PBXFileReference; lastKnownFileType = sourcecode.swift; path = SceneDelegate.swift; sourceTree = "<group>"; };
		7EF0407F2A97CDFE00FB26CA /* ViewController.swift */ = {isa = PBXFileReference; lastKnownFileType = sourcecode.swift; path = ViewController.swift; sourceTree = "<group>"; };
		7EF040822A97CDFE00FB26CA /* Base */ = {isa = PBXFileReference; lastKnownFileType = file.storyboard; name = Base; path = Base.lproj/Main.storyboard; sourceTree = "<group>"; };
		7EF040842A97CDFF00FB26CA /* Assets.xcassets */ = {isa = PBXFileReference; lastKnownFileType = folder.assetcatalog; path = Assets.xcassets; sourceTree = "<group>"; };
		7EF040872A97CDFF00FB26CA /* Base */ = {isa = PBXFileReference; lastKnownFileType = file.storyboard; name = Base; path = Base.lproj/LaunchScreen.storyboard; sourceTree = "<group>"; };
		7EF040892A97CDFF00FB26CA /* Info.plist */ = {isa = PBXFileReference; lastKnownFileType = text.plist.xml; path = Info.plist; sourceTree = "<group>"; };
		7EF040902A97D6F300FB26CA /* ContentView.swift */ = {isa = PBXFileReference; lastKnownFileType = sourcecode.swift; path = ContentView.swift; sourceTree = "<group>"; };
		7EF040922A97EB9900FB26CA /* NetworkService.swift */ = {isa = PBXFileReference; lastKnownFileType = sourcecode.swift; path = NetworkService.swift; sourceTree = "<group>"; };
		7EF040942A97EBB600FB26CA /* ContentViewModel.swift */ = {isa = PBXFileReference; lastKnownFileType = sourcecode.swift; path = ContentViewModel.swift; sourceTree = "<group>"; };
		7EF040962A97EBC400FB26CA /* CatsModel.swift */ = {isa = PBXFileReference; lastKnownFileType = sourcecode.swift; path = CatsModel.swift; sourceTree = "<group>"; };
/* End PBXFileReference section */

/* Begin PBXFrameworksBuildPhase section */
		7EF040752A97CDFE00FB26CA /* Frameworks */ = {
			isa = PBXFrameworksBuildPhase;
			buildActionMask = 2147483647;
			files = (
			);
			runOnlyForDeploymentPostprocessing = 0;
		};
/* End PBXFrameworksBuildPhase section */

/* Begin PBXGroup section */
		7EF0406F2A97CDFE00FB26CA = {
			isa = PBXGroup;
			children = (
				7EF0408F2A97D6E000FB26CA /* SwiftUI */,
				7EF0407A2A97CDFE00FB26CA /* Cats_SwiftUI_In_UIKit */,
				7EF040792A97CDFE00FB26CA /* Products */,
			);
			sourceTree = "<group>";
		};
		7EF040792A97CDFE00FB26CA /* Products */ = {
			isa = PBXGroup;
			children = (
				7EF040782A97CDFE00FB26CA /* Cats_SwiftUI_In_UIKit.app */,
			);
			name = Products;
			sourceTree = "<group>";
		};
		7EF0407A2A97CDFE00FB26CA /* Cats_SwiftUI_In_UIKit */ = {
			isa = PBXGroup;
			children = (
				7EF0407B2A97CDFE00FB26CA /* AppDelegate.swift */,
				7EF0407D2A97CDFE00FB26CA /* SceneDelegate.swift */,
				7EF0407F2A97CDFE00FB26CA /* ViewController.swift */,
				7EF040812A97CDFE00FB26CA /* Main.storyboard */,
				7EF040842A97CDFF00FB26CA /* Assets.xcassets */,
				7EF040862A97CDFF00FB26CA /* LaunchScreen.storyboard */,
				7EF040892A97CDFF00FB26CA /* Info.plist */,
			);
			path = Cats_SwiftUI_In_UIKit;
			sourceTree = "<group>";
		};
		7EF0408F2A97D6E000FB26CA /* SwiftUI */ = {
			isa = PBXGroup;
			children = (
				7EF040902A97D6F300FB26CA /* ContentView.swift */,
				7EF040922A97EB9900FB26CA /* NetworkService.swift */,
				7EF040942A97EBB600FB26CA /* ContentViewModel.swift */,
				7EF040962A97EBC400FB26CA /* CatsModel.swift */,
			);
			path = SwiftUI;
			sourceTree = "<group>";
		};
/* End PBXGroup section */

/* Begin PBXNativeTarget section */
		7EF040772A97CDFE00FB26CA /* Cats_SwiftUI_In_UIKit */ = {
			isa = PBXNativeTarget;
			buildConfigurationList = 7EF0408C2A97CDFF00FB26CA /* Build configuration list for PBXNativeTarget "Cats_SwiftUI_In_UIKit" */;
			buildPhases = (
				7EF040742A97CDFE00FB26CA /* Sources */,
				7EF040752A97CDFE00FB26CA /* Frameworks */,
				7EF040762A97CDFE00FB26CA /* Resources */,
			);
			buildRules = (
			);
			dependencies = (
			);
			name = Cats_SwiftUI_In_UIKit;
			productName = Cats_SwiftUI_In_UIKit;
			productReference = 7EF040782A97CDFE00FB26CA /* Cats_SwiftUI_In_UIKit.app */;
			productType = "com.apple.product-type.application";
		};
/* End PBXNativeTarget section */

/* Begin PBXProject section */
		7EF040702A97CDFE00FB26CA /* Project object */ = {
			isa = PBXProject;
			attributes = {
				BuildIndependentTargetsInParallel = 1;
				LastSwiftUpdateCheck = 1430;
				LastUpgradeCheck = 1430;
				TargetAttributes = {
					7EF040772A97CDFE00FB26CA = {
						CreatedOnToolsVersion = 14.3.1;
					};
				};
			};
			buildConfigurationList = 7EF040732A97CDFE00FB26CA /* Build configuration list for PBXProject "Cats_SwiftUI_In_UIKit" */;
			compatibilityVersion = "Xcode 14.0";
			developmentRegion = en;
			hasScannedForEncodings = 0;
			knownRegions = (
				en,
				Base,
			);
			mainGroup = 7EF0406F2A97CDFE00FB26CA;
			productRefGroup = 7EF040792A97CDFE00FB26CA /* Products */;
			projectDirPath = "";
			projectRoot = "";
			targets = (
				7EF040772A97CDFE00FB26CA /* Cats_SwiftUI_In_UIKit */,
			);
		};
/* End PBXProject section */

/* Begin PBXResourcesBuildPhase section */
		7EF040762A97CDFE00FB26CA /* Resources */ = {
			isa = PBXResourcesBuildPhase;
			buildActionMask = 2147483647;
			files = (
				7EF040882A97CDFF00FB26CA /* LaunchScreen.storyboard in Resources */,
				7EF040852A97CDFF00FB26CA /* Assets.xcassets in Resources */,
				7EF040832A97CDFE00FB26CA /* Main.storyboard in Resources */,
			);
			runOnlyForDeploymentPostprocessing = 0;
		};
/* End PBXResourcesBuildPhase section */

/* Begin PBXSourcesBuildPhase section */
		7EF040742A97CDFE00FB26CA /* Sources */ = {
			isa = PBXSourcesBuildPhase;
			buildActionMask = 2147483647;
			files = (
				7EF040932A97EB9900FB26CA /* NetworkService.swift in Sources */,
				7EF040802A97CDFE00FB26CA /* ViewController.swift in Sources */,
				7EF0407C2A97CDFE00FB26CA /* AppDelegate.swift in Sources */,
				7EF040912A97D6F300FB26CA /* ContentView.swift in Sources */,
				7EF040952A97EBB600FB26CA /* ContentViewModel.swift in Sources */,
				7EF040972A97EBC400FB26CA /* CatsModel.swift in Sources */,
				7EF0407E2A97CDFE00FB26CA /* SceneDelegate.swift in Sources */,
			);
			runOnlyForDeploymentPostprocessing = 0;
		};
/* End PBXSourcesBuildPhase section */

/* Begin PBXVariantGroup section */
		7EF040812A97CDFE00FB26CA /* Main.storyboard */ = {
			isa = PBXVariantGroup;
			children = (
				7EF040822A97CDFE00FB26CA /* Base */,
			);
			name = Main.storyboard;
			sourceTree = "<group>";
		};
		7EF040862A97CDFF00FB26CA /* LaunchScreen.storyboard */ = {
			isa = PBXVariantGroup;
			children = (
				7EF040872A97CDFF00FB26CA /* Base */,
			);
			name = LaunchScreen.storyboard;
			sourceTree = "<group>";
		};
/* End PBXVariantGroup section */

/* Begin XCBuildConfiguration section */
		7EF0408A2A97CDFF00FB26CA /* Debug */ = {
			isa = XCBuildConfiguration;
			buildSettings = {
				ALWAYS_SEARCH_USER_PATHS = NO;
				CLANG_ANALYZER_NONNULL = YES;
				CLANG_ANALYZER_NUMBER_OBJECT_CONVERSION = YES_AGGRESSIVE;
				CLANG_CXX_LANGUAGE_STANDARD = "gnu++20";
				CLANG_ENABLE_MODULES = YES;
				CLANG_ENABLE_OBJC_ARC = YES;
				CLANG_ENABLE_OBJC_WEAK = YES;
				CLANG_WARN_BLOCK_CAPTURE_AUTORELEASING = YES;
				CLANG_WARN_BOOL_CONVERSION = YES;
				CLANG_WARN_COMMA = YES;
				CLANG_WARN_CONSTANT_CONVERSION = YES;
				CLANG_WARN_DEPRECATED_OBJC_IMPLEMENTATIONS = YES;
				CLANG_WARN_DIRECT_OBJC_ISA_USAGE = YES_ERROR;
				CLANG_WARN_DOCUMENTATION_COMMENTS = YES;
				CLANG_WARN_EMPTY_BODY = YES;
				CLANG_WARN_ENUM_CONVERSION = YES;
				CLANG_WARN_INFINITE_RECURSION = YES;
				CLANG_WARN_INT_CONVERSION = YES;
				CLANG_WARN_NON_LITERAL_NULL_CONVERSION = YES;
				CLANG_WARN_OBJC_IMPLICIT_RETAIN_SELF = YES;
				CLANG_WARN_OBJC_LITERAL_CONVERSION = YES;
				CLANG_WARN_OBJC_ROOT_CLASS = YES_ERROR;
				CLANG_WARN_QUOTED_INCLUDE_IN_FRAMEWORK_HEADER = YES;
				CLANG_WARN_RANGE_LOOP_ANALYSIS = YES;
				CLANG_WARN_STRICT_PROTOTYPES = YES;
				CLANG_WARN_SUSPICIOUS_MOVE = YES;
				CLANG_WARN_UNGUARDED_AVAILABILITY = YES_AGGRESSIVE;
				CLANG_WARN_UNREACHABLE_CODE = YES;
				CLANG_WARN__DUPLICATE_METHOD_MATCH = YES;
				COPY_PHASE_STRIP = NO;
				DEBUG_INFORMATION_FORMAT = dwarf;
				ENABLE_STRICT_OBJC_MSGSEND = YES;
				ENABLE_TESTABILITY = YES;
				GCC_C_LANGUAGE_STANDARD = gnu11;
				GCC_DYNAMIC_NO_PIC = NO;
				GCC_NO_COMMON_BLOCKS = YES;
				GCC_OPTIMIZATION_LEVEL = 0;
				GCC_PREPROCESSOR_DEFINITIONS = (
					"DEBUG=1",
					"$(inherited)",
				);
				GCC_WARN_64_TO_32_BIT_CONVERSION = YES;
				GCC_WARN_ABOUT_RETURN_TYPE = YES_ERROR;
				GCC_WARN_UNDECLARED_SELECTOR = YES;
				GCC_WARN_UNINITIALIZED_AUTOS = YES_AGGRESSIVE;
				GCC_WARN_UNUSED_FUNCTION = YES;
				GCC_WARN_UNUSED_VARIABLE = YES;
				IPHONEOS_DEPLOYMENT_TARGET = 16.4;
				MTL_ENABLE_DEBUG_INFO = INCLUDE_SOURCE;
				MTL_FAST_MATH = YES;
				ONLY_ACTIVE_ARCH = YES;
				SDKROOT = iphoneos;
				SWIFT_ACTIVE_COMPILATION_CONDITIONS = DEBUG;
				SWIFT_OPTIMIZATION_LEVEL = "-Onone";
			};
			name = Debug;
		};
		7EF0408B2A97CDFF00FB26CA /* Release */ = {
			isa = XCBuildConfiguration;
			buildSettings = {
				ALWAYS_SEARCH_USER_PATHS = NO;
				CLANG_ANALYZER_NONNULL = YES;
				CLANG_ANALYZER_NUMBER_OBJECT_CONVERSION = YES_AGGRESSIVE;
				CLANG_CXX_LANGUAGE_STANDARD = "gnu++20";
				CLANG_ENABLE_MODULES = YES;
				CLANG_ENABLE_OBJC_ARC = YES;
				CLANG_ENABLE_OBJC_WEAK = YES;
				CLANG_WARN_BLOCK_CAPTURE_AUTORELEASING = YES;
				CLANG_WARN_BOOL_CONVERSION = YES;
				CLANG_WARN_COMMA = YES;
				CLANG_WARN_CONSTANT_CONVERSION = YES;
				CLANG_WARN_DEPRECATED_OBJC_IMPLEMENTATIONS = YES;
				CLANG_WARN_DIRECT_OBJC_ISA_USAGE = YES_ERROR;
				CLANG_WARN_DOCUMENTATION_COMMENTS = YES;
				CLANG_WARN_EMPTY_BODY = YES;
				CLANG_WARN_ENUM_CONVERSION = YES;
				CLANG_WARN_INFINITE_RECURSION = YES;
				CLANG_WARN_INT_CONVERSION = YES;
				CLANG_WARN_NON_LITERAL_NULL_CONVERSION = YES;
				CLANG_WARN_OBJC_IMPLICIT_RETAIN_SELF = YES;
				CLANG_WARN_OBJC_LITERAL_CONVERSION = YES;
				CLANG_WARN_OBJC_ROOT_CLASS = YES_ERROR;
				CLANG_WARN_QUOTED_INCLUDE_IN_FRAMEWORK_HEADER = YES;
				CLANG_WARN_RANGE_LOOP_ANALYSIS = YES;
				CLANG_WARN_STRICT_PROTOTYPES = YES;
				CLANG_WARN_SUSPICIOUS_MOVE = YES;
				CLANG_WARN_UNGUARDED_AVAILABILITY = YES_AGGRESSIVE;
				CLANG_WARN_UNREACHABLE_CODE = YES;
				CLANG_WARN__DUPLICATE_METHOD_MATCH = YES;
				COPY_PHASE_STRIP = NO;
				DEBUG_INFORMATION_FORMAT = "dwarf-with-dsym";
				ENABLE_NS_ASSERTIONS = NO;
				ENABLE_STRICT_OBJC_MSGSEND = YES;
				GCC_C_LANGUAGE_STANDARD = gnu11;
				GCC_NO_COMMON_BLOCKS = YES;
				GCC_WARN_64_TO_32_BIT_CONVERSION = YES;
				GCC_WARN_ABOUT_RETURN_TYPE = YES_ERROR;
				GCC_WARN_UNDECLARED_SELECTOR = YES;
				GCC_WARN_UNINITIALIZED_AUTOS = YES_AGGRESSIVE;
				GCC_WARN_UNUSED_FUNCTION = YES;
				GCC_WARN_UNUSED_VARIABLE = YES;
				IPHONEOS_DEPLOYMENT_TARGET = 16.4;
				MTL_ENABLE_DEBUG_INFO = NO;
				MTL_FAST_MATH = YES;
				SDKROOT = iphoneos;
				SWIFT_COMPILATION_MODE = wholemodule;
				SWIFT_OPTIMIZATION_LEVEL = "-O";
				VALIDATE_PRODUCT = YES;
			};
			name = Release;
		};
		7EF0408D2A97CDFF00FB26CA /* Debug */ = {
			isa = XCBuildConfiguration;
			buildSettings = {
				ASSETCATALOG_COMPILER_APPICON_NAME = AppIcon;
				ASSETCATALOG_COMPILER_GLOBAL_ACCENT_COLOR_NAME = AccentColor;
				CODE_SIGN_STYLE = Automatic;
				CURRENT_PROJECT_VERSION = 1;
				DEVELOPMENT_TEAM = A6297323L3;
				GENERATE_INFOPLIST_FILE = YES;
				INFOPLIST_FILE = Cats_SwiftUI_In_UIKit/Info.plist;
				INFOPLIST_KEY_UIApplicationSupportsIndirectInputEvents = YES;
				INFOPLIST_KEY_UILaunchStoryboardName = LaunchScreen;
				INFOPLIST_KEY_UIMainStoryboardFile = Main;
				INFOPLIST_KEY_UISupportedInterfaceOrientations_iPad = "UIInterfaceOrientationPortrait UIInterfaceOrientationPortraitUpsideDown UIInterfaceOrientationLandscapeLeft UIInterfaceOrientationLandscapeRight";
				INFOPLIST_KEY_UISupportedInterfaceOrientations_iPhone = "UIInterfaceOrientationPortrait UIInterfaceOrientationLandscapeLeft UIInterfaceOrientationLandscapeRight";
				LD_RUNPATH_SEARCH_PATHS = (
					"$(inherited)",
					"@executable_path/Frameworks",
				);
				MARKETING_VERSION = 1.0;
				PRODUCT_BUNDLE_IDENTIFIER = "com.ckrdev.Cats-SwiftUI-In-UIKit";
				PRODUCT_NAME = "$(TARGET_NAME)";
				SWIFT_EMIT_LOC_STRINGS = YES;
				SWIFT_VERSION = 5.0;
				TARGETED_DEVICE_FAMILY = "1,2";
			};
			name = Debug;
		};
		7EF0408E2A97CDFF00FB26CA /* Release */ = {
			isa = XCBuildConfiguration;
			buildSettings = {
				ASSETCATALOG_COMPILER_APPICON_NAME = AppIcon;
				ASSETCATALOG_COMPILER_GLOBAL_ACCENT_COLOR_NAME = AccentColor;
				CODE_SIGN_STYLE = Automatic;
				CURRENT_PROJECT_VERSION = 1;
				DEVELOPMENT_TEAM = A6297323L3;
				GENERATE_INFOPLIST_FILE = YES;
				INFOPLIST_FILE = Cats_SwiftUI_In_UIKit/Info.plist;
				INFOPLIST_KEY_UIApplicationSupportsIndirectInputEvents = YES;
				INFOPLIST_KEY_UILaunchStoryboardName = LaunchScreen;
				INFOPLIST_KEY_UIMainStoryboardFile = Main;
				INFOPLIST_KEY_UISupportedInterfaceOrientations_iPad = "UIInterfaceOrientationPortrait UIInterfaceOrientationPortraitUpsideDown UIInterfaceOrientationLandscapeLeft UIInterfaceOrientationLandscapeRight";
				INFOPLIST_KEY_UISupportedInterfaceOrientations_iPhone = "UIInterfaceOrientationPortrait UIInterfaceOrientationLandscapeLeft UIInterfaceOrientationLandscapeRight";
				LD_RUNPATH_SEARCH_PATHS = (
					"$(inherited)",
					"@executable_path/Frameworks",
				);
				MARKETING_VERSION = 1.0;
				PRODUCT_BUNDLE_IDENTIFIER = "com.ckrdev.Cats-SwiftUI-In-UIKit";
				PRODUCT_NAME = "$(TARGET_NAME)";
				SWIFT_EMIT_LOC_STRINGS = YES;
				SWIFT_VERSION = 5.0;
				TARGETED_DEVICE_FAMILY = "1,2";
			};
			name = Release;
		};
/* End XCBuildConfiguration section */

/* Begin XCConfigurationList section */
		7EF040732A97CDFE00FB26CA /* Build configuration list for PBXProject "Cats_SwiftUI_In_UIKit" */ = {
			isa = XCConfigurationList;
			buildConfigurations = (
				7EF0408A2A97CDFF00FB26CA /* Debug */,
				7EF0408B2A97CDFF00FB26CA /* Release */,
			);
			defaultConfigurationIsVisible = 0;
			defaultConfigurationName = Release;
		};
		7EF0408C2A97CDFF00FB26CA /* Build configuration list for PBXNativeTarget "Cats_SwiftUI_In_UIKit" */ = {
			isa = XCConfigurationList;
			buildConfigurations = (
				7EF0408D2A97CDFF00FB26CA /* Debug */,
				7EF0408E2A97CDFF00FB26CA /* Release */,
			);
			defaultConfigurationIsVisible = 0;
			defaultConfigurationName = Release;
		};
/* End XCConfigurationList section */
	};
	rootObject = 7EF040702A97CDFE00FB26CA /* Project object */;
}
